{
  "conversions": {
    "public/assets/img/hand-2mm-1.jpg": "public/assets/img/hand-2mm-1.webp",
    "public/assets/img/6mm-pr.png": "public/assets/img/6mm-pr.webp",
    "public/assets/img/hand-2mm-3.jpg": "public/assets/img/hand-2mm-3.webp",
    "public/assets/img/hand-3mm.jpg": "public/assets/img/hand-3mm.webp",
    "public/assets/img/catfish-1.jpg": "public/assets/img/catfish-1.webp",
    "public/assets/img/catfish-3.jpg": "public/assets/img/catfish-3.webp",
    "public/assets/img/catfish-2.jpg": "public/assets/img/catfish-2.webp",
    "public/assets/img/hand-4mm.jpg": "public/assets/img/hand-4mm.webp",
    "public/assets/img/hand-6mm.jpg": "public/assets/img/hand-6mm.webp",
    "public/assets/img/catfish-5.jpg": "public/assets/img/catfish-5.webp",
    "public/assets/img/catfish-4.jpg": "public/assets/img/catfish-4.webp",
    "public/assets/img/landing.jpg": "public/assets/img/landing.webp",
    "public/assets/img/multiple-bags.jpg": "public/assets/img/multiple-bags.webp",
    "public/assets/img/building-1.jpg": "public/assets/img/building-1.webp",
    "public/assets/img/bag-3mm.jpg": "public/assets/img/bag-3mm.webp",
    "public/assets/img/building-2.jpg": "public/assets/img/building-2.webp",
    "public/assets/img/building-3.jpg": "public/assets/img/building-3.webp",
    "public/assets/img/4mm-pr.png": "public/assets/img/4mm-pr.webp",
    "public/assets/img/bag-9mm-2.jpg": "public/assets/img/bag-9mm-2.webp",
    "public/assets/img/bag-6mm.jpg": "public/assets/img/bag-6mm.webp",
    "public/assets/img/hand-9mm.jpg": "public/assets/img/hand-9mm.webp",
    "public/assets/img/9mm-pr.png": "public/assets/img/9mm-pr.webp",
    "public/assets/img/bang-5.jpg": "public/assets/img/bang-5.webp",
    "public/assets/img/bag-9mm-1.jpg": "public/assets/img/bag-9mm-1.webp",
    "public/assets/img/bag-4mm.jpg": "public/assets/img/bag-4mm.webp",
    "public/assets/img/about.jpg": "public/assets/img/about.webp",
    "public/assets/img/3mm-pr.png": "public/assets/img/3mm-pr.webp",
    "public/assets/img/2mm-pr.png": "public/assets/img/2mm-pr.webp",
    "public/assets/img/bang-4.jpg": "public/assets/img/bang-4.webp",
    "public/assets/img/about2.jpg": "public/assets/img/about2.webp",
    "public/assets/img/tilapia-2.png": "public/assets/img/tilapia-2.webp",
    "public/assets/img/tilapia-3.jpg": "public/assets/img/tilapia-3.webp",
    "public/assets/img/tilapia.jpg": "public/assets/img/tilapia.webp",
    "public/assets/img/bang-1.jpg": "public/assets/img/bang-1.webp",
    "public/assets/img/bang-3.jpg": "public/assets/img/bang-3.webp",
    "public/assets/img/bang-2.jpg": "public/assets/img/bang-2.webp",
    "public/assets/img/bag-2mm.jpg": "public/assets/img/bag-2mm.webp"
  }
}
